
Microsoft Visual Studio Solution File, Format Version 12.00
# Visual Studio 15
VisualStudioVersion = 15.0.28010.2048
MinimumVisualStudioVersion = 10.0.40219.1
Project("{FAE04EC0-301F-11D3-BF4B-00C04F79EFBC}") = "01_Data_Types", "01_Data_Types\01_Data_Types.csproj", "{76B41D9D-4B82-4270-80D2-8693F7CAB4F1}"
EndProject
Project("{FAE04EC0-301F-11D3-BF4B-00C04F79EFBC}") = "02_If_Else", "02_If_Else\02_If_Else.csproj", "{E15F7A25-B709-46AF-A259-0FF6F3D6CB2E}"
EndProject
Project("{FAE04EC0-301F-11D3-BF4B-00C04F79EFBC}") = "02_If_Else_Challenge", "02_If_Else_Challenge\02_If_Else_Challenge.csproj", "{BE6CFD7A-E02F-4007-B4E0-94C8589AB11C}"
EndProject
Project("{FAE04EC0-301F-11D3-BF4B-00C04F79EFBC}") = "03_Switch_Case", "03_Switch_Case\03_Switch_Case.csproj", "{FF6AE332-67AE-4770-8FDA-93165691289B}"
EndProject
Project("{FAE04EC0-301F-11D3-BF4B-00C04F79EFBC}") = "04_Loops", "04_Loops\04_Loops.csproj", "{4B83E5C5-2BF2-47AC-A558-C9176E341B38}"
EndProject
Project("{FAE04EC0-301F-11D3-BF4B-00C04F79EFBC}") = "04_Loops_Example_1", "04_Loops_Example_1\04_Loops_Example_1.csproj", "{7AAA47CE-8C30-403D-B5E0-29DC7079B191}"
EndProject
Project("{FAE04EC0-301F-11D3-BF4B-00C04F79EFBC}") = "05_Methods", "05_Methods\05_Methods.csproj", "{509305EC-4C7C-43A7-8D4B-B386ADEA9CD0}"
EndProject
Project("{FAE04EC0-301F-11D3-BF4B-00C04F79EFBC}") = "06_Classes_01", "06_Classes_01\06_Classes_01.csproj", "{6C07A916-DDBA-492C-B84E-A1FC6704321A}"
EndProject
Project("{FAE04EC0-301F-11D3-BF4B-00C04F79EFBC}") = "06_Classes_02", "06_Classes_02\06_Classes_02.csproj", "{14EFD536-3586-47B0-BBE5-F3E6FE1E9817}"
EndProject
Project("{FAE04EC0-301F-11D3-BF4B-00C04F79EFBC}") = "06_Classes_03", "06_Classes_03\06_Classes_03.csproj", "{1953E83E-651D-4692-8111-9D68A49AB7EE}"
EndProject
Project("{FAE04EC0-301F-11D3-BF4B-00C04F79EFBC}") = "06_Classes_Challenge_01", "06_Classes_Challenge_01\06_Classes_Challenge_01.csproj", "{BFDCA849-61E9-45D7-A872-FA0D1463F766}"
EndProject
Project("{FAE04EC0-301F-11D3-BF4B-00C04F79EFBC}") = "07_Collections_Lists", "07_Collections_Lists\07_Collections_Lists.csproj", "{44D3E077-9B6D-43F4-A6FA-099566948693}"
EndProject
Project("{FAE04EC0-301F-11D3-BF4B-00C04F79EFBC}") = "07_Collections_List_Example", "07_Collections_List_Example\07_Collections_List_Example.csproj", "{F91B4926-D96E-4C74-84E2-84C18A911A72}"
EndProject
Project("{FAE04EC0-301F-11D3-BF4B-00C04F79EFBC}") = "08_Repository_Pattern", "08_Repository_Pattern\08_Repository_Pattern.csproj", "{D6C6F450-73E4-4254-B180-1A93426C42B9}"
EndProject
Project("{FAE04EC0-301F-11D3-BF4B-00C04F79EFBC}") = "08_Repository_Pattern_Tests", "08_Repository_Pattern_Tests\08_Repository_Pattern_Tests.csproj", "{915B570B-1C93-4C82-8DF5-3ADD49AF7655}"
EndProject
Global
	GlobalSection(SolutionConfigurationPlatforms) = preSolution
		Debug|Any CPU = Debug|Any CPU
		Release|Any CPU = Release|Any CPU
	EndGlobalSection
	GlobalSection(ProjectConfigurationPlatforms) = postSolution
		{76B41D9D-4B82-4270-80D2-8693F7CAB4F1}.Debug|Any CPU.ActiveCfg = Debug|Any CPU
		{76B41D9D-4B82-4270-80D2-8693F7CAB4F1}.Debug|Any CPU.Build.0 = Debug|Any CPU
		{76B41D9D-4B82-4270-80D2-8693F7CAB4F1}.Release|Any CPU.ActiveCfg = Release|Any CPU
		{76B41D9D-4B82-4270-80D2-8693F7CAB4F1}.Release|Any CPU.Build.0 = Release|Any CPU
		{E15F7A25-B709-46AF-A259-0FF6F3D6CB2E}.Debug|Any CPU.ActiveCfg = Debug|Any CPU
		{E15F7A25-B709-46AF-A259-0FF6F3D6CB2E}.Debug|Any CPU.Build.0 = Debug|Any CPU
		{E15F7A25-B709-46AF-A259-0FF6F3D6CB2E}.Release|Any CPU.ActiveCfg = Release|Any CPU
		{E15F7A25-B709-46AF-A259-0FF6F3D6CB2E}.Release|Any CPU.Build.0 = Release|Any CPU
		{BE6CFD7A-E02F-4007-B4E0-94C8589AB11C}.Debug|Any CPU.ActiveCfg = Debug|Any CPU
		{BE6CFD7A-E02F-4007-B4E0-94C8589AB11C}.Debug|Any CPU.Build.0 = Debug|Any CPU
		{BE6CFD7A-E02F-4007-B4E0-94C8589AB11C}.Release|Any CPU.ActiveCfg = Release|Any CPU
		{BE6CFD7A-E02F-4007-B4E0-94C8589AB11C}.Release|Any CPU.Build.0 = Release|Any CPU
		{FF6AE332-67AE-4770-8FDA-93165691289B}.Debug|Any CPU.ActiveCfg = Debug|Any CPU
		{FF6AE332-67AE-4770-8FDA-93165691289B}.Debug|Any CPU.Build.0 = Debug|Any CPU
		{FF6AE332-67AE-4770-8FDA-93165691289B}.Release|Any CPU.ActiveCfg = Release|Any CPU
		{FF6AE332-67AE-4770-8FDA-93165691289B}.Release|Any CPU.Build.0 = Release|Any CPU
		{4B83E5C5-2BF2-47AC-A558-C9176E341B38}.Debug|Any CPU.ActiveCfg = Debug|Any CPU
		{4B83E5C5-2BF2-47AC-A558-C9176E341B38}.Debug|Any CPU.Build.0 = Debug|Any CPU
		{4B83E5C5-2BF2-47AC-A558-C9176E341B38}.Release|Any CPU.ActiveCfg = Release|Any CPU
		{4B83E5C5-2BF2-47AC-A558-C9176E341B38}.Release|Any CPU.Build.0 = Release|Any CPU
		{7AAA47CE-8C30-403D-B5E0-29DC7079B191}.Debug|Any CPU.ActiveCfg = Debug|Any CPU
		{7AAA47CE-8C30-403D-B5E0-29DC7079B191}.Debug|Any CPU.Build.0 = Debug|Any CPU
		{7AAA47CE-8C30-403D-B5E0-29DC7079B191}.Release|Any CPU.ActiveCfg = Release|Any CPU
		{7AAA47CE-8C30-403D-B5E0-29DC7079B191}.Release|Any CPU.Build.0 = Release|Any CPU
		{509305EC-4C7C-43A7-8D4B-B386ADEA9CD0}.Debug|Any CPU.ActiveCfg = Debug|Any CPU
		{509305EC-4C7C-43A7-8D4B-B386ADEA9CD0}.Debug|Any CPU.Build.0 = Debug|Any CPU
		{509305EC-4C7C-43A7-8D4B-B386ADEA9CD0}.Release|Any CPU.ActiveCfg = Release|Any CPU
		{509305EC-4C7C-43A7-8D4B-B386ADEA9CD0}.Release|Any CPU.Build.0 = Release|Any CPU
		{6C07A916-DDBA-492C-B84E-A1FC6704321A}.Debug|Any CPU.ActiveCfg = Debug|Any CPU
		{6C07A916-DDBA-492C-B84E-A1FC6704321A}.Debug|Any CPU.Build.0 = Debug|Any CPU
		{6C07A916-DDBA-492C-B84E-A1FC6704321A}.Release|Any CPU.ActiveCfg = Release|Any CPU
		{6C07A916-DDBA-492C-B84E-A1FC6704321A}.Release|Any CPU.Build.0 = Release|Any CPU
		{14EFD536-3586-47B0-BBE5-F3E6FE1E9817}.Debug|Any CPU.ActiveCfg = Debug|Any CPU
		{14EFD536-3586-47B0-BBE5-F3E6FE1E9817}.Debug|Any CPU.Build.0 = Debug|Any CPU
		{14EFD536-3586-47B0-BBE5-F3E6FE1E9817}.Release|Any CPU.ActiveCfg = Release|Any CPU
		{14EFD536-3586-47B0-BBE5-F3E6FE1E9817}.Release|Any CPU.Build.0 = Release|Any CPU
		{1953E83E-651D-4692-8111-9D68A49AB7EE}.Debug|Any CPU.ActiveCfg = Debug|Any CPU
		{1953E83E-651D-4692-8111-9D68A49AB7EE}.Debug|Any CPU.Build.0 = Debug|Any CPU
		{1953E83E-651D-4692-8111-9D68A49AB7EE}.Release|Any CPU.ActiveCfg = Release|Any CPU
		{1953E83E-651D-4692-8111-9D68A49AB7EE}.Release|Any CPU.Build.0 = Release|Any CPU
		{BFDCA849-61E9-45D7-A872-FA0D1463F766}.Debug|Any CPU.ActiveCfg = Debug|Any CPU
		{BFDCA849-61E9-45D7-A872-FA0D1463F766}.Debug|Any CPU.Build.0 = Debug|Any CPU
		{BFDCA849-61E9-45D7-A872-FA0D1463F766}.Release|Any CPU.ActiveCfg = Release|Any CPU
		{BFDCA849-61E9-45D7-A872-FA0D1463F766}.Release|Any CPU.Build.0 = Release|Any CPU
		{44D3E077-9B6D-43F4-A6FA-099566948693}.Debug|Any CPU.ActiveCfg = Debug|Any CPU
		{44D3E077-9B6D-43F4-A6FA-099566948693}.Debug|Any CPU.Build.0 = Debug|Any CPU
		{44D3E077-9B6D-43F4-A6FA-099566948693}.Release|Any CPU.ActiveCfg = Release|Any CPU
		{44D3E077-9B6D-43F4-A6FA-099566948693}.Release|Any CPU.Build.0 = Release|Any CPU
		{F91B4926-D96E-4C74-84E2-84C18A911A72}.Debug|Any CPU.ActiveCfg = Debug|Any CPU
		{F91B4926-D96E-4C74-84E2-84C18A911A72}.Debug|Any CPU.Build.0 = Debug|Any CPU
		{F91B4926-D96E-4C74-84E2-84C18A911A72}.Release|Any CPU.ActiveCfg = Release|Any CPU
		{F91B4926-D96E-4C74-84E2-84C18A911A72}.Release|Any CPU.Build.0 = Release|Any CPU
		{D6C6F450-73E4-4254-B180-1A93426C42B9}.Debug|Any CPU.ActiveCfg = Debug|Any CPU
		{D6C6F450-73E4-4254-B180-1A93426C42B9}.Debug|Any CPU.Build.0 = Debug|Any CPU
		{D6C6F450-73E4-4254-B180-1A93426C42B9}.Release|Any CPU.ActiveCfg = Release|Any CPU
		{D6C6F450-73E4-4254-B180-1A93426C42B9}.Release|Any CPU.Build.0 = Release|Any CPU
		{915B570B-1C93-4C82-8DF5-3ADD49AF7655}.Debug|Any CPU.ActiveCfg = Debug|Any CPU
		{915B570B-1C93-4C82-8DF5-3ADD49AF7655}.Debug|Any CPU.Build.0 = Debug|Any CPU
		{915B570B-1C93-4C82-8DF5-3ADD49AF7655}.Release|Any CPU.ActiveCfg = Release|Any CPU
		{915B570B-1C93-4C82-8DF5-3ADD49AF7655}.Release|Any CPU.Build.0 = Release|Any CPU
	EndGlobalSection
	GlobalSection(SolutionProperties) = preSolution
		HideSolutionNode = FALSE
	EndGlobalSection
	GlobalSection(ExtensibilityGlobals) = postSolution
		SolutionGuid = {994A9003-1FD6-4A53-BFC7-4CD53E38EE7C}
	EndGlobalSection
EndGlobal
